
Microsoft Visual Studio Solution File, Format Version 12.00
# Visual Studio Version 17
VisualStudioVersion = 17.2.32616.157
MinimumVisualStudioVersion = 10.0.40219.1
Project("{FAE04EC0-301F-11D3-BF4B-00C04F79EFBC}") = "Shopping.Client", "Shopping.Client\Shopping.Client.csproj", "{391CE946-F863-457C-9CF4-2459D7E6F645}"
EndProject
Global
	GlobalSection(SolutionConfigurationPlatforms) = preSolution
		Debug|Any CPU = Debug|Any CPU
		Release|Any CPU = Release|Any CPU
	EndGlobalSection
	GlobalSection(ProjectConfigurationPlatforms) = postSolution
		{391CE946-F863-457C-9CF4-2459D7E6F645}.Debug|Any CPU.ActiveCfg = Debug|Any CPU
		{391CE946-F863-457C-9CF4-2459D7E6F645}.Debug|Any CPU.Build.0 = Debug|Any CPU
		{391CE946-F863-457C-9CF4-2459D7E6F645}.Release|Any CPU.ActiveCfg = Release|Any CPU
		{391CE946-F863-457C-9CF4-2459D7E6F645}.Release|Any CPU.Build.0 = Release|Any CPU
	EndGlobalSection
	GlobalSection(SolutionProperties) = preSolution
		HideSolutionNode = FALSE
	EndGlobalSection
	GlobalSection(ExtensibilityGlobals) = postSolution
		SolutionGuid = {E03FFF83-E5C6-4802-B764-AF600406321F}
	EndGlobalSection
EndGlobal
