
Microsoft Visual Studio Solution File, Format Version 12.00
# Visual Studio Version 17
VisualStudioVersion = 17.2.32616.157
MinimumVisualStudioVersion = 10.0.40219.1
Project("{9A19103F-16F7-4668-BE54-9A1E7A4F7556}") = "Shopping.Client", "Shopping.Client\Shopping.Client.csproj", "{391CE946-F863-457C-9CF4-2459D7E6F645}"
EndProject
Project("{FAE04EC0-301F-11D3-BF4B-00C04F79EFBC}") = "Shopping.API", "Shopping.API\Shopping.API.csproj", "{CDEC91F0-FAF3-45EA-AC2A-0A08C6A2BB07}"
EndProject
Project("{E53339B2-1760-4266-BCC7-CA923CBCF16C}") = "docker-compose", "docker-compose.dcproj", "{010CAF82-4534-4730-A861-12906883C1F1}"
EndProject
Global
	GlobalSection(SolutionConfigurationPlatforms) = preSolution
		Debug|Any CPU = Debug|Any CPU
		Release|Any CPU = Release|Any CPU
	EndGlobalSection
	GlobalSection(ProjectConfigurationPlatforms) = postSolution
		{391CE946-F863-457C-9CF4-2459D7E6F645}.Debug|Any CPU.ActiveCfg = Debug|Any CPU
		{391CE946-F863-457C-9CF4-2459D7E6F645}.Debug|Any CPU.Build.0 = Debug|Any CPU
		{391CE946-F863-457C-9CF4-2459D7E6F645}.Release|Any CPU.ActiveCfg = Release|Any CPU
		{391CE946-F863-457C-9CF4-2459D7E6F645}.Release|Any CPU.Build.0 = Release|Any CPU
		{CDEC91F0-FAF3-45EA-AC2A-0A08C6A2BB07}.Debug|Any CPU.ActiveCfg = Debug|Any CPU
		{CDEC91F0-FAF3-45EA-AC2A-0A08C6A2BB07}.Debug|Any CPU.Build.0 = Debug|Any CPU
		{CDEC91F0-FAF3-45EA-AC2A-0A08C6A2BB07}.Release|Any CPU.ActiveCfg = Release|Any CPU
		{CDEC91F0-FAF3-45EA-AC2A-0A08C6A2BB07}.Release|Any CPU.Build.0 = Release|Any CPU
		{010CAF82-4534-4730-A861-12906883C1F1}.Debug|Any CPU.ActiveCfg = Debug|Any CPU
		{010CAF82-4534-4730-A861-12906883C1F1}.Debug|Any CPU.Build.0 = Debug|Any CPU
		{010CAF82-4534-4730-A861-12906883C1F1}.Release|Any CPU.ActiveCfg = Release|Any CPU
		{010CAF82-4534-4730-A861-12906883C1F1}.Release|Any CPU.Build.0 = Release|Any CPU
	EndGlobalSection
	GlobalSection(SolutionProperties) = preSolution
		HideSolutionNode = FALSE
	EndGlobalSection
	GlobalSection(ExtensibilityGlobals) = postSolution
		SolutionGuid = {E03FFF83-E5C6-4802-B764-AF600406321F}
	EndGlobalSection
EndGlobal
